// !$*UTF8*$!
{
	archiveVersion = 1;
	classes = {
	};
	objectVersion = 50;
	objects = {

/* Begin PBXBuildFile section */
		1993A2A82335F139007AFDB1 /* AppDelegate.swift in Sources */ = {isa = PBXBuildFile; fileRef = 1993A2A72335F139007AFDB1 /* AppDelegate.swift */; };
		1993A2AA2335F139007AFDB1 /* SceneDelegate.swift in Sources */ = {isa = PBXBuildFile; fileRef = 1993A2A92335F139007AFDB1 /* SceneDelegate.swift */; };
		1993A2AC2335F139007AFDB1 /* ViewController.swift in Sources */ = {isa = PBXBuildFile; fileRef = 1993A2AB2335F139007AFDB1 /* ViewController.swift */; };
		1993A2AF2335F139007AFDB1 /* Main.storyboard in Resources */ = {isa = PBXBuildFile; fileRef = 1993A2AD2335F139007AFDB1 /* Main.storyboard */; };
		1993A2B12335F13E007AFDB1 /* Assets.xcassets in Resources */ = {isa = PBXBuildFile; fileRef = 1993A2B02335F13E007AFDB1 /* Assets.xcassets */; };
		1993A2B42335F13E007AFDB1 /* LaunchScreen.storyboard in Resources */ = {isa = PBXBuildFile; fileRef = 1993A2B22335F13E007AFDB1 /* LaunchScreen.storyboard */; };
		1993A2BF2335F13F007AFDB1 /* HappyMapTests.swift in Sources */ = {isa = PBXBuildFile; fileRef = 1993A2BE2335F13F007AFDB1 /* HappyMapTests.swift */; };
		1993A2CA2335F13F007AFDB1 /* HappyMapUITests.swift in Sources */ = {isa = PBXBuildFile; fileRef = 1993A2C92335F13F007AFDB1 /* HappyMapUITests.swift */; };
/* End PBXBuildFile section */

/* Begin PBXContainerItemProxy section */
		1993A2BB2335F13F007AFDB1 /* PBXContainerItemProxy */ = {
			isa = PBXContainerItemProxy;
			containerPortal = 1993A29C2335F139007AFDB1 /* Project object */;
			proxyType = 1;
			remoteGlobalIDString = 1993A2A32335F139007AFDB1;
			remoteInfo = HappyMap;
		};
		1993A2C62335F13F007AFDB1 /* PBXContainerItemProxy */ = {
			isa = PBXContainerItemProxy;
			containerPortal = 1993A29C2335F139007AFDB1 /* Project object */;
			proxyType = 1;
			remoteGlobalIDString = 1993A2A32335F139007AFDB1;
			remoteInfo = HappyMap;
		};
/* End PBXContainerItemProxy section */

/* Begin PBXFileReference section */
		1993A2A42335F139007AFDB1 /* HappyMap.app */ = {isa = PBXFileReference; explicitFileType = wrapper.application; includeInIndex = 0; path = HappyMap.app; sourceTree = BUILT_PRODUCTS_DIR; };
		1993A2A72335F139007AFDB1 /* AppDelegate.swift */ = {isa = PBXFileReference; lastKnownFileType = sourcecode.swift; path = AppDelegate.swift; sourceTree = "<group>"; };
		1993A2A92335F139007AFDB1 /* SceneDelegate.swift */ = {isa = PBXFileReference; lastKnownFileType = sourcecode.swift; path = SceneDelegate.swift; sourceTree = "<group>"; };
		1993A2AB2335F139007AFDB1 /* ViewController.swift */ = {isa = PBXFileReference; lastKnownFileType = sourcecode.swift; path = ViewController.swift; sourceTree = "<group>"; };
		1993A2AE2335F139007AFDB1 /* Base */ = {isa = PBXFileReference; lastKnownFileType = file.storyboard; name = Base; path = Base.lproj/Main.storyboard; sourceTree = "<group>"; };
		1993A2B02335F13E007AFDB1 /* Assets.xcassets */ = {isa = PBXFileReference; lastKnownFileType = folder.assetcatalog; path = Assets.xcassets; sourceTree = "<group>"; };
		1993A2B32335F13E007AFDB1 /* Base */ = {isa = PBXFileReference; lastKnownFileType = file.storyboard; name = Base; path = Base.lproj/LaunchScreen.storyboard; sourceTree = "<group>"; };
		1993A2B52335F13E007AFDB1 /* Info.plist */ = {isa = PBXFileReference; lastKnownFileType = text.plist.xml; path = Info.plist; sourceTree = "<group>"; };
		1993A2BA2335F13F007AFDB1 /* HappyMapTests.xctest */ = {isa = PBXFileReference; explicitFileType = wrapper.cfbundle; includeInIndex = 0; path = HappyMapTests.xctest; sourceTree = BUILT_PRODUCTS_DIR; };
		1993A2BE2335F13F007AFDB1 /* HappyMapTests.swift */ = {isa = PBXFileReference; lastKnownFileType = sourcecode.swift; path = HappyMapTests.swift; sourceTree = "<group>"; };
		1993A2C02335F13F007AFDB1 /* Info.plist */ = {isa = PBXFileReference; lastKnownFileType = text.plist.xml; path = Info.plist; sourceTree = "<group>"; };
		1993A2C52335F13F007AFDB1 /* HappyMapUITests.xctest */ = {isa = PBXFileReference; explicitFileType = wrapper.cfbundle; includeInIndex = 0; path = HappyMapUITests.xctest; sourceTree = BUILT_PRODUCTS_DIR; };
		1993A2C92335F13F007AFDB1 /* HappyMapUITests.swift */ = {isa = PBXFileReference; lastKnownFileType = sourcecode.swift; path = HappyMapUITests.swift; sourceTree = "<group>"; };
		1993A2CB2335F13F007AFDB1 /* Info.plist */ = {isa = PBXFileReference; lastKnownFileType = text.plist.xml; path = Info.plist; sourceTree = "<group>"; };
/* End PBXFileReference section */

/* Begin PBXFrameworksBuildPhase section */
		1993A2A12335F139007AFDB1 /* Frameworks */ = {
			isa = PBXFrameworksBuildPhase;
			buildActionMask = 2147483647;
			files = (
			);
			runOnlyForDeploymentPostprocessing = 0;
		};
		1993A2B72335F13F007AFDB1 /* Frameworks */ = {
			isa = PBXFrameworksBuildPhase;
			buildActionMask = 2147483647;
			files = (
			);
			runOnlyForDeploymentPostprocessing = 0;
		};
		1993A2C22335F13F007AFDB1 /* Frameworks */ = {
			isa = PBXFrameworksBuildPhase;
			buildActionMask = 2147483647;
			files = (
			);
			runOnlyForDeploymentPostprocessing = 0;
		};
/* End PBXFrameworksBuildPhase section */

/* Begin PBXGroup section */
		1993A29B2335F139007AFDB1 = {
			isa = PBXGroup;
			children = (
				1993A2A62335F139007AFDB1 /* HappyMap */,
				1993A2BD2335F13F007AFDB1 /* HappyMapTests */,
				1993A2C82335F13F007AFDB1 /* HappyMapUITests */,
				1993A2A52335F139007AFDB1 /* Products */,
			);
			sourceTree = "<group>";
		};
		1993A2A52335F139007AFDB1 /* Products */ = {
			isa = PBXGroup;
			children = (
				1993A2A42335F139007AFDB1 /* HappyMap.app */,
				1993A2BA2335F13F007AFDB1 /* HappyMapTests.xctest */,
				1993A2C52335F13F007AFDB1 /* HappyMapUITests.xctest */,
			);
			name = Products;
			sourceTree = "<group>";
		};
		1993A2A62335F139007AFDB1 /* HappyMap */ = {
			isa = PBXGroup;
			children = (
				1993A2A72335F139007AFDB1 /* AppDelegate.swift */,
				1993A2A92335F139007AFDB1 /* SceneDelegate.swift */,
				1993A2AB2335F139007AFDB1 /* ViewController.swift */,
				1993A2AD2335F139007AFDB1 /* Main.storyboard */,
				1993A2B02335F13E007AFDB1 /* Assets.xcassets */,
				1993A2B22335F13E007AFDB1 /* LaunchScreen.storyboard */,
				1993A2B52335F13E007AFDB1 /* Info.plist */,
			);
			path = HappyMap;
			sourceTree = "<group>";
		};
		1993A2BD2335F13F007AFDB1 /* HappyMapTests */ = {
			isa = PBXGroup;
			children = (
				1993A2BE2335F13F007AFDB1 /* HappyMapTests.swift */,
				1993A2C02335F13F007AFDB1 /* Info.plist */,
			);
			path = HappyMapTests;
			sourceTree = "<group>";
		};
		1993A2C82335F13F007AFDB1 /* HappyMapUITests */ = {
			isa = PBXGroup;
			children = (
				1993A2C92335F13F007AFDB1 /* HappyMapUITests.swift */,
				1993A2CB2335F13F007AFDB1 /* Info.plist */,
			);
			path = HappyMapUITests;
			sourceTree = "<group>";
		};
/* End PBXGroup section */

/* Begin PBXNativeTarget section */
		1993A2A32335F139007AFDB1 /* HappyMap */ = {
			isa = PBXNativeTarget;
			buildConfigurationList = 1993A2CE2335F13F007AFDB1 /* Build configuration list for PBXNativeTarget "HappyMap" */;
			buildPhases = (
				1993A2A02335F139007AFDB1 /* Sources */,
				1993A2A12335F139007AFDB1 /* Frameworks */,
				1993A2A22335F139007AFDB1 /* Resources */,
			);
			buildRules = (
			);
			dependencies = (
			);
			name = HappyMap;
			productName = HappyMap;
			productReference = 1993A2A42335F139007AFDB1 /* HappyMap.app */;
			productType = "com.apple.product-type.application";
		};
		1993A2B92335F13F007AFDB1 /* HappyMapTests */ = {
			isa = PBXNativeTarget;
			buildConfigurationList = 1993A2D12335F13F007AFDB1 /* Build configuration list for PBXNativeTarget "HappyMapTests" */;
			buildPhases = (
				1993A2B62335F13F007AFDB1 /* Sources */,
				1993A2B72335F13F007AFDB1 /* Frameworks */,
				1993A2B82335F13F007AFDB1 /* Resources */,
			);
			buildRules = (
			);
			dependencies = (
				1993A2BC2335F13F007AFDB1 /* PBXTargetDependency */,
			);
			name = HappyMapTests;
			productName = HappyMapTests;
			productReference = 1993A2BA2335F13F007AFDB1 /* HappyMapTests.xctest */;
			productType = "com.apple.product-type.bundle.unit-test";
		};
		1993A2C42335F13F007AFDB1 /* HappyMapUITests */ = {
			isa = PBXNativeTarget;
			buildConfigurationList = 1993A2D42335F13F007AFDB1 /* Build configuration list for PBXNativeTarget "HappyMapUITests" */;
			buildPhases = (
				1993A2C12335F13F007AFDB1 /* Sources */,
				1993A2C22335F13F007AFDB1 /* Frameworks */,
				1993A2C32335F13F007AFDB1 /* Resources */,
			);
			buildRules = (
			);
			dependencies = (
				1993A2C72335F13F007AFDB1 /* PBXTargetDependency */,
			);
			name = HappyMapUITests;
			productName = HappyMapUITests;
			productReference = 1993A2C52335F13F007AFDB1 /* HappyMapUITests.xctest */;
			productType = "com.apple.product-type.bundle.ui-testing";
		};
/* End PBXNativeTarget section */

/* Begin PBXProject section */
		1993A29C2335F139007AFDB1 /* Project object */ = {
			isa = PBXProject;
			attributes = {
				LastSwiftUpdateCheck = 1100;
				LastUpgradeCheck = 1100;
				ORGANIZATIONNAME = KAREN_JIANG;
				TargetAttributes = {
					1993A2A32335F139007AFDB1 = {
						CreatedOnToolsVersion = 11.0;
					};
					1993A2B92335F13F007AFDB1 = {
						CreatedOnToolsVersion = 11.0;
						TestTargetID = 1993A2A32335F139007AFDB1;
					};
					1993A2C42335F13F007AFDB1 = {
						CreatedOnToolsVersion = 11.0;
						TestTargetID = 1993A2A32335F139007AFDB1;
					};
				};
			};
			buildConfigurationList = 1993A29F2335F139007AFDB1 /* Build configuration list for PBXProject "HappyMap" */;
			compatibilityVersion = "Xcode 9.3";
			developmentRegion = en;
			hasScannedForEncodings = 0;
			knownRegions = (
				en,
				Base,
			);
			mainGroup = 1993A29B2335F139007AFDB1;
			productRefGroup = 1993A2A52335F139007AFDB1 /* Products */;
			projectDirPath = "";
			projectRoot = "";
			targets = (
				1993A2A32335F139007AFDB1 /* HappyMap */,
				1993A2B92335F13F007AFDB1 /* HappyMapTests */,
				1993A2C42335F13F007AFDB1 /* HappyMapUITests */,
			);
		};
/* End PBXProject section */

/* Begin PBXResourcesBuildPhase section */
		1993A2A22335F139007AFDB1 /* Resources */ = {
			isa = PBXResourcesBuildPhase;
			buildActionMask = 2147483647;
			files = (
				1993A2B42335F13E007AFDB1 /* LaunchScreen.storyboard in Resources */,
				1993A2B12335F13E007AFDB1 /* Assets.xcassets in Resources */,
				1993A2AF2335F139007AFDB1 /* Main.storyboard in Resources */,
			);
			runOnlyForDeploymentPostprocessing = 0;
		};
		1993A2B82335F13F007AFDB1 /* Resources */ = {
			isa = PBXResourcesBuildPhase;
			buildActionMask = 2147483647;
			files = (
			);
			runOnlyForDeploymentPostprocessing = 0;
		};
		1993A2C32335F13F007AFDB1 /* Resources */ = {
			isa = PBXResourcesBuildPhase;
			buildActionMask = 2147483647;
			files = (
			);
			runOnlyForDeploymentPostprocessing = 0;
		};
/* End PBXResourcesBuildPhase section */

/* Begin PBXSourcesBuildPhase section */
		1993A2A02335F139007AFDB1 /* Sources */ = {
			isa = PBXSourcesBuildPhase;
			buildActionMask = 2147483647;
			files = (
				1993A2AC2335F139007AFDB1 /* ViewController.swift in Sources */,
				1993A2A82335F139007AFDB1 /* AppDelegate.swift in Sources */,
				1993A2AA2335F139007AFDB1 /* SceneDelegate.swift in Sources */,
			);
			runOnlyForDeploymentPostprocessing = 0;
		};
		1993A2B62335F13F007AFDB1 /* Sources */ = {
			isa = PBXSourcesBuildPhase;
			buildActionMask = 2147483647;
			files = (
				1993A2BF2335F13F007AFDB1 /* HappyMapTests.swift in Sources */,
			);
			runOnlyForDeploymentPostprocessing = 0;
		};
		1993A2C12335F13F007AFDB1 /* Sources */ = {
			isa = PBXSourcesBuildPhase;
			buildActionMask = 2147483647;
			files = (
				1993A2CA2335F13F007AFDB1 /* HappyMapUITests.swift in Sources */,
			);
			runOnlyForDeploymentPostprocessing = 0;
		};
/* End PBXSourcesBuildPhase section */

/* Begin PBXTargetDependency section */
		1993A2BC2335F13F007AFDB1 /* PBXTargetDependency */ = {
			isa = PBXTargetDependency;
			target = 1993A2A32335F139007AFDB1 /* HappyMap */;
			targetProxy = 1993A2BB2335F13F007AFDB1 /* PBXContainerItemProxy */;
		};
		1993A2C72335F13F007AFDB1 /* PBXTargetDependency */ = {
			isa = PBXTargetDependency;
			target = 1993A2A32335F139007AFDB1 /* HappyMap */;
			targetProxy = 1993A2C62335F13F007AFDB1 /* PBXContainerItemProxy */;
		};
/* End PBXTargetDependency section */

/* Begin PBXVariantGroup section */
		1993A2AD2335F139007AFDB1 /* Main.storyboard */ = {
			isa = PBXVariantGroup;
			children = (
				1993A2AE2335F139007AFDB1 /* Base */,
			);
			name = Main.storyboard;
			sourceTree = "<group>";
		};
		1993A2B22335F13E007AFDB1 /* LaunchScreen.storyboard */ = {
			isa = PBXVariantGroup;
			children = (
				1993A2B32335F13E007AFDB1 /* Base */,
			);
			name = LaunchScreen.storyboard;
			sourceTree = "<group>";
		};
/* End PBXVariantGroup section */

/* Begin XCBuildConfiguration section */
		1993A2CC2335F13F007AFDB1 /* Debug */ = {
			isa = XCBuildConfiguration;
			buildSettings = {
				ALWAYS_SEARCH_USER_PATHS = NO;
				CLANG_ANALYZER_NONNULL = YES;
				CLANG_ANALYZER_NUMBER_OBJECT_CONVERSION = YES_AGGRESSIVE;
				CLANG_CXX_LANGUAGE_STANDARD = "gnu++14";
				CLANG_CXX_LIBRARY = "libc++";
				CLANG_ENABLE_MODULES = YES;
				CLANG_ENABLE_OBJC_ARC = YES;
				CLANG_ENABLE_OBJC_WEAK = YES;
				CLANG_WARN_BLOCK_CAPTURE_AUTORELEASING = YES;
				CLANG_WARN_BOOL_CONVERSION = YES;
				CLANG_WARN_COMMA = YES;
				CLANG_WARN_CONSTANT_CONVERSION = YES;
				CLANG_WARN_DEPRECATED_OBJC_IMPLEMENTATIONS = YES;
				CLANG_WARN_DIRECT_OBJC_ISA_USAGE = YES_ERROR;
				CLANG_WARN_DOCUMENTATION_COMMENTS = YES;
				CLANG_WARN_EMPTY_BODY = YES;
				CLANG_WARN_ENUM_CONVERSION = YES;
				CLANG_WARN_INFINITE_RECURSION = YES;
				CLANG_WARN_INT_CONVERSION = YES;
				CLANG_WARN_NON_LITERAL_NULL_CONVERSION = YES;
				CLANG_WARN_OBJC_IMPLICIT_RETAIN_SELF = YES;
				CLANG_WARN_OBJC_LITERAL_CONVERSION = YES;
				CLANG_WARN_OBJC_ROOT_CLASS = YES_ERROR;
				CLANG_WARN_RANGE_LOOP_ANALYSIS = YES;
				CLANG_WARN_STRICT_PROTOTYPES = YES;
				CLANG_WARN_SUSPICIOUS_MOVE = YES;
				CLANG_WARN_UNGUARDED_AVAILABILITY = YES_AGGRESSIVE;
				CLANG_WARN_UNREACHABLE_CODE = YES;
				CLANG_WARN__DUPLICATE_METHOD_MATCH = YES;
				COPY_PHASE_STRIP = NO;
				DEBUG_INFORMATION_FORMAT = dwarf;
				ENABLE_STRICT_OBJC_MSGSEND = YES;
				ENABLE_TESTABILITY = YES;
				GCC_C_LANGUAGE_STANDARD = gnu11;
				GCC_DYNAMIC_NO_PIC = NO;
				GCC_NO_COMMON_BLOCKS = YES;
				GCC_OPTIMIZATION_LEVEL = 0;
				GCC_PREPROCESSOR_DEFINITIONS = (
					"DEBUG=1",
					"$(inherited)",
				);
				GCC_WARN_64_TO_32_BIT_CONVERSION = YES;
				GCC_WARN_ABOUT_RETURN_TYPE = YES_ERROR;
				GCC_WARN_UNDECLARED_SELECTOR = YES;
				GCC_WARN_UNINITIALIZED_AUTOS = YES_AGGRESSIVE;
				GCC_WARN_UNUSED_FUNCTION = YES;
				GCC_WARN_UNUSED_VARIABLE = YES;
				IPHONEOS_DEPLOYMENT_TARGET = 13.0;
				MTL_ENABLE_DEBUG_INFO = INCLUDE_SOURCE;
				MTL_FAST_MATH = YES;
				ONLY_ACTIVE_ARCH = YES;
				SDKROOT = iphoneos;
				SWIFT_ACTIVE_COMPILATION_CONDITIONS = DEBUG;
				SWIFT_OPTIMIZATION_LEVEL = "-Onone";
			};
			name = Debug;
		};
		1993A2CD2335F13F007AFDB1 /* Release */ = {
			isa = XCBuildConfiguration;
			buildSettings = {
				ALWAYS_SEARCH_USER_PATHS = NO;
				CLANG_ANALYZER_NONNULL = YES;
				CLANG_ANALYZER_NUMBER_OBJECT_CONVERSION = YES_AGGRESSIVE;
				CLANG_CXX_LANGUAGE_STANDARD = "gnu++14";
				CLANG_CXX_LIBRARY = "libc++";
				CLANG_ENABLE_MODULES = YES;
				CLANG_ENABLE_OBJC_ARC = YES;
				CLANG_ENABLE_OBJC_WEAK = YES;
				CLANG_WARN_BLOCK_CAPTURE_AUTORELEASING = YES;
				CLANG_WARN_BOOL_CONVERSION = YES;
				CLANG_WARN_COMMA = YES;
				CLANG_WARN_CONSTANT_CONVERSION = YES;
				CLANG_WARN_DEPRECATED_OBJC_IMPLEMENTATIONS = YES;
				CLANG_WARN_DIRECT_OBJC_ISA_USAGE = YES_ERROR;
				CLANG_WARN_DOCUMENTATION_COMMENTS = YES;
				CLANG_WARN_EMPTY_BODY = YES;
				CLANG_WARN_ENUM_CONVERSION = YES;
				CLANG_WARN_INFINITE_RECURSION = YES;
				CLANG_WARN_INT_CONVERSION = YES;
				CLANG_WARN_NON_LITERAL_NULL_CONVERSION = YES;
				CLANG_WARN_OBJC_IMPLICIT_RETAIN_SELF = YES;
				CLANG_WARN_OBJC_LITERAL_CONVERSION = YES;
				CLANG_WARN_OBJC_ROOT_CLASS = YES_ERROR;
				CLANG_WARN_RANGE_LOOP_ANALYSIS = YES;
				CLANG_WARN_STRICT_PROTOTYPES = YES;
				CLANG_WARN_SUSPICIOUS_MOVE = YES;
				CLANG_WARN_UNGUARDED_AVAILABILITY = YES_AGGRESSIVE;
				CLANG_WARN_UNREACHABLE_CODE = YES;
				CLANG_WARN__DUPLICATE_METHOD_MATCH = YES;
				COPY_PHASE_STRIP = NO;
				DEBUG_INFORMATION_FORMAT = "dwarf-with-dsym";
				ENABLE_NS_ASSERTIONS = NO;
				ENABLE_STRICT_OBJC_MSGSEND = YES;
				GCC_C_LANGUAGE_STANDARD = gnu11;
				GCC_NO_COMMON_BLOCKS = YES;
				GCC_WARN_64_TO_32_BIT_CONVERSION = YES;
				GCC_WARN_ABOUT_RETURN_TYPE = YES_ERROR;
				GCC_WARN_UNDECLARED_SELECTOR = YES;
				GCC_WARN_UNINITIALIZED_AUTOS = YES_AGGRESSIVE;
				GCC_WARN_UNUSED_FUNCTION = YES;
				GCC_WARN_UNUSED_VARIABLE = YES;
				IPHONEOS_DEPLOYMENT_TARGET = 13.0;
				MTL_ENABLE_DEBUG_INFO = NO;
				MTL_FAST_MATH = YES;
				SDKROOT = iphoneos;
				SWIFT_COMPILATION_MODE = wholemodule;
				SWIFT_OPTIMIZATION_LEVEL = "-O";
				VALIDATE_PRODUCT = YES;
			};
			name = Release;
		};
		1993A2CF2335F13F007AFDB1 /* Debug */ = {
			isa = XCBuildConfiguration;
			buildSettings = {
				ASSETCATALOG_COMPILER_APPICON_NAME = AppIcon;
				CODE_SIGN_STYLE = Automatic;
				INFOPLIST_FILE = HappyMap/Info.plist;
				LD_RUNPATH_SEARCH_PATHS = (
					"$(inherited)",
					"@executable_path/Frameworks",
				);
				PRODUCT_BUNDLE_IDENTIFIER = tw.edu.fju.HappyMap;
				PRODUCT_NAME = "$(TARGET_NAME)";
				SWIFT_VERSION = 5.0;
				TARGETED_DEVICE_FAMILY = "1,2";
			};
			name = Debug;
		};
		1993A2D02335F13F007AFDB1 /* Release */ = {
			isa = XCBuildConfiguration;
			buildSettings = {
				ASSETCATALOG_COMPILER_APPICON_NAME = AppIcon;
				CODE_SIGN_STYLE = Automatic;
				INFOPLIST_FILE = HappyMap/Info.plist;
				LD_RUNPATH_SEARCH_PATHS = (
					"$(inherited)",
					"@executable_path/Frameworks",
				);
				PRODUCT_BUNDLE_IDENTIFIER = tw.edu.fju.HappyMap;
				PRODUCT_NAME = "$(TARGET_NAME)";
				SWIFT_VERSION = 5.0;
				TARGETED_DEVICE_FAMILY = "1,2";
			};
			name = Release;
		};
		1993A2D22335F13F007AFDB1 /* Debug */ = {
			isa = XCBuildConfiguration;
			buildSettings = {
				ALWAYS_EMBED_SWIFT_STANDARD_LIBRARIES = YES;
				BUNDLE_LOADER = "$(TEST_HOST)";
				CODE_SIGN_STYLE = Automatic;
				INFOPLIST_FILE = HappyMapTests/Info.plist;
				IPHONEOS_DEPLOYMENT_TARGET = 13.0;
				LD_RUNPATH_SEARCH_PATHS = (
					"$(inherited)",
					"@executable_path/Frameworks",
					"@loader_path/Frameworks",
				);
				PRODUCT_BUNDLE_IDENTIFIER = tw.edu.fju.HappyMapTests;
				PRODUCT_NAME = "$(TARGET_NAME)";
				SWIFT_VERSION = 5.0;
				TARGETED_DEVICE_FAMILY = "1,2";
				TEST_HOST = "$(BUILT_PRODUCTS_DIR)/HappyMap.app/HappyMap";
			};
			name = Debug;
		};
		1993A2D32335F13F007AFDB1 /* Release */ = {
			isa = XCBuildConfiguration;
			buildSettings = {
				ALWAYS_EMBED_SWIFT_STANDARD_LIBRARIES = YES;
				BUNDLE_LOADER = "$(TEST_HOST)";
				CODE_SIGN_STYLE = Automatic;
				INFOPLIST_FILE = HappyMapTests/Info.plist;
				IPHONEOS_DEPLOYMENT_TARGET = 13.0;
				LD_RUNPATH_SEARCH_PATHS = (
					"$(inherited)",
					"@executable_path/Frameworks",
					"@loader_path/Frameworks",
				);
				PRODUCT_BUNDLE_IDENTIFIER = tw.edu.fju.HappyMapTests;
				PRODUCT_NAME = "$(TARGET_NAME)";
				SWIFT_VERSION = 5.0;
				TARGETED_DEVICE_FAMILY = "1,2";
				TEST_HOST = "$(BUILT_PRODUCTS_DIR)/HappyMap.app/HappyMap";
			};
			name = Release;
		};
		1993A2D52335F13F007AFDB1 /* Debug */ = {
			isa = XCBuildConfiguration;
			buildSettings = {
				ALWAYS_EMBED_SWIFT_STANDARD_LIBRARIES = YES;
				CODE_SIGN_STYLE = Automatic;
				INFOPLIST_FILE = HappyMapUITests/Info.plist;
				LD_RUNPATH_SEARCH_PATHS = (
					"$(inherited)",
					"@executable_path/Frameworks",
					"@loader_path/Frameworks",
				);
				PRODUCT_BUNDLE_IDENTIFIER = tw.edu.fju.HappyMapUITests;
				PRODUCT_NAME = "$(TARGET_NAME)";
				SWIFT_VERSION = 5.0;
				TARGETED_DEVICE_FAMILY = "1,2";
				TEST_TARGET_NAME = HappyMap;
			};
			name = Debug;
		};
		1993A2D62335F13F007AFDB1 /* Release */ = {
			isa = XCBuildConfiguration;
			buildSettings = {
				ALWAYS_EMBED_SWIFT_STANDARD_LIBRARIES = YES;
				CODE_SIGN_STYLE = Automatic;
				INFOPLIST_FILE = HappyMapUITests/Info.plist;
				LD_RUNPATH_SEARCH_PATHS = (
					"$(inherited)",
					"@executable_path/Frameworks",
					"@loader_path/Frameworks",
				);
				PRODUCT_BUNDLE_IDENTIFIER = tw.edu.fju.HappyMapUITests;
				PRODUCT_NAME = "$(TARGET_NAME)";
				SWIFT_VERSION = 5.0;
				TARGETED_DEVICE_FAMILY = "1,2";
				TEST_TARGET_NAME = HappyMap;
			};
			name = Release;
		};
/* End XCBuildConfiguration section */

/* Begin XCConfigurationList section */
		1993A29F2335F139007AFDB1 /* Build configuration list for PBXProject "HappyMap" */ = {
			isa = XCConfigurationList;
			buildConfigurations = (
				1993A2CC2335F13F007AFDB1 /* Debug */,
				1993A2CD2335F13F007AFDB1 /* Release */,
			);
			defaultConfigurationIsVisible = 0;
			defaultConfigurationName = Release;
		};
		1993A2CE2335F13F007AFDB1 /* Build configuration list for PBXNativeTarget "HappyMap" */ = {
			isa = XCConfigurationList;
			buildConfigurations = (
				1993A2CF2335F13F007AFDB1 /* Debug */,
				1993A2D02335F13F007AFDB1 /* Release */,
			);
			defaultConfigurationIsVisible = 0;
			defaultConfigurationName = Release;
		};
		1993A2D12335F13F007AFDB1 /* Build configuration list for PBXNativeTarget "HappyMapTests" */ = {
			isa = XCConfigurationList;
			buildConfigurations = (
				1993A2D22335F13F007AFDB1 /* Debug */,
				1993A2D32335F13F007AFDB1 /* Release */,
			);
			defaultConfigurationIsVisible = 0;
			defaultConfigurationName = Release;
		};
		1993A2D42335F13F007AFDB1 /* Build configuration list for PBXNativeTarget "HappyMapUITests" */ = {
			isa = XCConfigurationList;
			buildConfigurations = (
				1993A2D52335F13F007AFDB1 /* Debug */,
				1993A2D62335F13F007AFDB1 /* Release */,
			);
			defaultConfigurationIsVisible = 0;
			defaultConfigurationName = Release;
		};
/* End XCConfigurationList section */
	};
	rootObject = 1993A29C2335F139007AFDB1 /* Project object */;
}
